
Microsoft Visual Studio Solution File, Format Version 12.00
# Visual Studio Version 17
VisualStudioVersion = 17.11.35222.181
MinimumVisualStudioVersion = 10.0.40219.1
Project("{9A19103F-16F7-4668-BE54-9A1E7A4F7556}") = "AvmWinNode", "AvmWinNode\AvmWinNode.csproj", "{B7AAC1C0-BF35-4E22-8ADF-24E0B848EBB5}"
EndProject
Project("{9A19103F-16F7-4668-BE54-9A1E7A4F7556}") = "VoiService", "VoiService\VoiService.csproj", "{BF9844E6-0161-49D9-A4AA-B923F9B1F9F7}"
EndProject
Project("{9A19103F-16F7-4668-BE54-9A1E7A4F7556}") = "AlgorandService", "AlgorandService\AlgorandService.csproj", "{34F29EAA-983D-40F5-BCB8-5C80DD1F2ADD}"
EndProject
Global
	GlobalSection(SolutionConfigurationPlatforms) = preSolution
		Debug|Any CPU = Debug|Any CPU
		Release|Any CPU = Release|Any CPU
	EndGlobalSection
	GlobalSection(ProjectConfigurationPlatforms) = postSolution
		{B7AAC1C0-BF35-4E22-8ADF-24E0B848EBB5}.Debug|Any CPU.ActiveCfg = Debug|Any CPU
		{B7AAC1C0-BF35-4E22-8ADF-24E0B848EBB5}.Debug|Any CPU.Build.0 = Debug|Any CPU
		{B7AAC1C0-BF35-4E22-8ADF-24E0B848EBB5}.Release|Any CPU.ActiveCfg = Release|Any CPU
		{B7AAC1C0-BF35-4E22-8ADF-24E0B848EBB5}.Release|Any CPU.Build.0 = Release|Any CPU
		{BF9844E6-0161-49D9-A4AA-B923F9B1F9F7}.Debug|Any CPU.ActiveCfg = Debug|Any CPU
		{BF9844E6-0161-49D9-A4AA-B923F9B1F9F7}.Debug|Any CPU.Build.0 = Debug|Any CPU
		{BF9844E6-0161-49D9-A4AA-B923F9B1F9F7}.Release|Any CPU.ActiveCfg = Release|Any CPU
		{BF9844E6-0161-49D9-A4AA-B923F9B1F9F7}.Release|Any CPU.Build.0 = Release|Any CPU
		{34F29EAA-983D-40F5-BCB8-5C80DD1F2ADD}.Debug|Any CPU.ActiveCfg = Debug|Any CPU
		{34F29EAA-983D-40F5-BCB8-5C80DD1F2ADD}.Debug|Any CPU.Build.0 = Debug|Any CPU
		{34F29EAA-983D-40F5-BCB8-5C80DD1F2ADD}.Release|Any CPU.ActiveCfg = Release|Any CPU
		{34F29EAA-983D-40F5-BCB8-5C80DD1F2ADD}.Release|Any CPU.Build.0 = Release|Any CPU
	EndGlobalSection
	GlobalSection(SolutionProperties) = preSolution
		HideSolutionNode = FALSE
	EndGlobalSection
	GlobalSection(ExtensibilityGlobals) = postSolution
		SolutionGuid = {B424D5A7-4058-4247-A7D4-510A84ABBD45}
	EndGlobalSection
EndGlobal
